
Microsoft Visual Studio Solution File, Format Version 12.00
# Visual Studio 15
VisualStudioVersion = 15.0.28307.106
MinimumVisualStudioVersion = 10.0.40219.1
Project("{FAE04EC0-301F-11D3-BF4B-00C04F79EFBC}") = "JustTag2", "JustTag2\JustTag2.csproj", "{5582ACB0-E68A-4000-A3E7-682830C6C5A1}"
EndProject
Project("{FAE04EC0-301F-11D3-BF4B-00C04F79EFBC}") = "TaggingTests", "TaggingTests\TaggingTests.csproj", "{4E23AC22-A52C-4284-954B-A73F228F7DEE}"
EndProject
Project("{FAE04EC0-301F-11D3-BF4B-00C04F79EFBC}") = "UtilsTests", "UtilsTests\UtilsTests.csproj", "{61B687A3-065C-4F0D-8EB9-49FC605D91C3}"
EndProject
Global
	GlobalSection(SolutionConfigurationPlatforms) = preSolution
		Debug|Any CPU = Debug|Any CPU
		Release|Any CPU = Release|Any CPU
	EndGlobalSection
	GlobalSection(ProjectConfigurationPlatforms) = postSolution
		{5582ACB0-E68A-4000-A3E7-682830C6C5A1}.Debug|Any CPU.ActiveCfg = Debug|Any CPU
		{5582ACB0-E68A-4000-A3E7-682830C6C5A1}.Debug|Any CPU.Build.0 = Debug|Any CPU
		{5582ACB0-E68A-4000-A3E7-682830C6C5A1}.Release|Any CPU.ActiveCfg = Release|Any CPU
		{5582ACB0-E68A-4000-A3E7-682830C6C5A1}.Release|Any CPU.Build.0 = Release|Any CPU
		{4E23AC22-A52C-4284-954B-A73F228F7DEE}.Debug|Any CPU.ActiveCfg = Debug|Any CPU
		{4E23AC22-A52C-4284-954B-A73F228F7DEE}.Debug|Any CPU.Build.0 = Debug|Any CPU
		{4E23AC22-A52C-4284-954B-A73F228F7DEE}.Release|Any CPU.ActiveCfg = Release|Any CPU
		{4E23AC22-A52C-4284-954B-A73F228F7DEE}.Release|Any CPU.Build.0 = Release|Any CPU
		{61B687A3-065C-4F0D-8EB9-49FC605D91C3}.Debug|Any CPU.ActiveCfg = Debug|Any CPU
		{61B687A3-065C-4F0D-8EB9-49FC605D91C3}.Debug|Any CPU.Build.0 = Debug|Any CPU
		{61B687A3-065C-4F0D-8EB9-49FC605D91C3}.Release|Any CPU.ActiveCfg = Release|Any CPU
		{61B687A3-065C-4F0D-8EB9-49FC605D91C3}.Release|Any CPU.Build.0 = Release|Any CPU
	EndGlobalSection
	GlobalSection(SolutionProperties) = preSolution
		HideSolutionNode = FALSE
	EndGlobalSection
	GlobalSection(ExtensibilityGlobals) = postSolution
		SolutionGuid = {47C3F6C1-13EF-4C36-AB51-AF29B5D62387}
	EndGlobalSection
EndGlobal
